github.com/joho/godotenv v1.5.1 h1:7eLL/+HRGLY0ldzfGMeQkb7vMd0as4CfYvUVzLqw0N0=
github.com/joho/godotenv v1.5.1/go.mod h1:f4LDr5Voq0i2e/R5DDNOoa2zzDfwtkZa6DnEwAbqwq4=
github.com/kingtingthegreat/ansi-converter v0.1.1-0.20241217221228-77f4dd6ca721 h1:ZrbSHkvbGZcm2FmUz7UvmhwNWGXfv2HLev/1IrEZ+ZM=
github.com/kingtingthegreat/ansi-converter v0.1.1-0.20241217221228-77f4dd6ca721/go.mod h1:ZnYQaQK+5neuWUzeHOsTPq9rfqFMmMK3VhyK6dh9w9Q=
github.com/kingtingthegreat/top-fetch v0.1.0 h1:LbPCg7UShpjRaketJ0fg4yrQI4zkpfMIHclh3+CJc4g=
github.com/kingtingthegreat/top-fetch v0.1.0/go.mod h1:y30PsMj09W59u3YXzZOYidVa4UV6gvmk5JZHW53uQDY=
github.com/nfnt/resize v0.0.0-20180221191011-83c6a9932646 h1:zYyBkD/k9seD2A7fsi6Oo2LfFZAehjjQMERAvZLEDnQ=
github.com/nfnt/resize v0.0.0-20180221191011-83c6a9932646/go.mod h1:jpp1/29i3P1S/RLdc7JQKbRpFeM1dOBd8T9ki5s+AY8=
